// !$*UTF8*$!
{
	archiveVersion = 1;
	classes = {
	};
	objectVersion = 46;
	objects = {

/* Begin PBXBuildFile section */
		3E28A954190BB02400C03663 /* Foundation.framework in Frameworks */ = {isa = PBXBuildFile; fileRef = 3E28A953190BB02400C03663 /* Foundation.framework */; };
		3E28A956190BB02400C03663 /* CoreGraphics.framework in Frameworks */ = {isa = PBXBuildFile; fileRef = 3E28A955190BB02400C03663 /* CoreGraphics.framework */; };
		3E28A958190BB02400C03663 /* UIKit.framework in Frameworks */ = {isa = PBXBuildFile; fileRef = 3E28A957190BB02400C03663 /* UIKit.framework */; };
		3E28A95A190BB02400C03663 /* SpriteKit.framework in Frameworks */ = {isa = PBXBuildFile; fileRef = 3E28A959190BB02400C03663 /* SpriteKit.framework */; };
		3E28A960190BB02400C03663 /* InfoPlist.strings in Resources */ = {isa = PBXBuildFile; fileRef = 3E28A95E190BB02400C03663 /* InfoPlist.strings */; };
		3E28A962190BB02400C03663 /* main.m in Sources */ = {isa = PBXBuildFile; fileRef = 3E28A961190BB02400C03663 /* main.m */; };
		3E28A966190BB02400C03663 /* OCDAppDelegate.m in Sources */ = {isa = PBXBuildFile; fileRef = 3E28A965190BB02400C03663 /* OCDAppDelegate.m */; };
		3E28A969190BB02400C03663 /* Main_iPhone.storyboard in Resources */ = {isa = PBXBuildFile; fileRef = 3E28A967190BB02400C03663 /* Main_iPhone.storyboard */; };
		3E28A96C190BB02400C03663 /* Main_iPad.storyboard in Resources */ = {isa = PBXBuildFile; fileRef = 3E28A96A190BB02400C03663 /* Main_iPad.storyboard */; };
		3E28A96F190BB02400C03663 /* OCDViewController.m in Sources */ = {isa = PBXBuildFile; fileRef = 3E28A96E190BB02400C03663 /* OCDViewController.m */; };
		3E28A972190BB02400C03663 /* OCDMyScene.m in Sources */ = {isa = PBXBuildFile; fileRef = 3E28A971190BB02400C03663 /* OCDMyScene.m */; };
		3E28A974190BB02400C03663 /* Spaceship.png in Resources */ = {isa = PBXBuildFile; fileRef = 3E28A973190BB02400C03663 /* Spaceship.png */; };
		3E28A976190BB02400C03663 /* Images.xcassets in Resources */ = {isa = PBXBuildFile; fileRef = 3E28A975190BB02400C03663 /* Images.xcassets */; };
		3E28A97D190BB02400C03663 /* XCTest.framework in Frameworks */ = {isa = PBXBuildFile; fileRef = 3E28A97C190BB02400C03663 /* XCTest.framework */; };
		3E28A97E190BB02400C03663 /* Foundation.framework in Frameworks */ = {isa = PBXBuildFile; fileRef = 3E28A953190BB02400C03663 /* Foundation.framework */; };
		3E28A97F190BB02400C03663 /* UIKit.framework in Frameworks */ = {isa = PBXBuildFile; fileRef = 3E28A957190BB02400C03663 /* UIKit.framework */; };
		3E28A987190BB02400C03663 /* InfoPlist.strings in Resources */ = {isa = PBXBuildFile; fileRef = 3E28A985190BB02400C03663 /* InfoPlist.strings */; };
		3E28A989190BB02400C03663 /* OCDTests.m in Sources */ = {isa = PBXBuildFile; fileRef = 3E28A988190BB02400C03663 /* OCDTests.m */; };
/* End PBXBuildFile section */

/* Begin PBXContainerItemProxy section */
		3E28A980190BB02400C03663 /* PBXContainerItemProxy */ = {
			isa = PBXContainerItemProxy;
			containerPortal = 3E28A948190BB02400C03663 /* Project object */;
			proxyType = 1;
			remoteGlobalIDString = 3E28A94F190BB02400C03663;
			remoteInfo = OCD;
		};
/* End PBXContainerItemProxy section */

/* Begin PBXFileReference section */
		3E28A950190BB02400C03663 /* OCD.app */ = {isa = PBXFileReference; explicitFileType = wrapper.application; includeInIndex = 0; path = OCD.app; sourceTree = BUILT_PRODUCTS_DIR; };
		3E28A953190BB02400C03663 /* Foundation.framework */ = {isa = PBXFileReference; lastKnownFileType = wrapper.framework; name = Foundation.framework; path = System/Library/Frameworks/Foundation.framework; sourceTree = SDKROOT; };
		3E28A955190BB02400C03663 /* CoreGraphics.framework */ = {isa = PBXFileReference; lastKnownFileType = wrapper.framework; name = CoreGraphics.framework; path = System/Library/Frameworks/CoreGraphics.framework; sourceTree = SDKROOT; };
		3E28A957190BB02400C03663 /* UIKit.framework */ = {isa = PBXFileReference; lastKnownFileType = wrapper.framework; name = UIKit.framework; path = System/Library/Frameworks/UIKit.framework; sourceTree = SDKROOT; };
		3E28A959190BB02400C03663 /* SpriteKit.framework */ = {isa = PBXFileReference; lastKnownFileType = wrapper.framework; name = SpriteKit.framework; path = System/Library/Frameworks/SpriteKit.framework; sourceTree = SDKROOT; };
		3E28A95D190BB02400C03663 /* OCD-Info.plist */ = {isa = PBXFileReference; lastKnownFileType = text.plist.xml; path = "OCD-Info.plist"; sourceTree = "<group>"; };
		3E28A95F190BB02400C03663 /* en */ = {isa = PBXFileReference; lastKnownFileType = text.plist.strings; name = en; path = en.lproj/InfoPlist.strings; sourceTree = "<group>"; };
		3E28A961190BB02400C03663 /* main.m */ = {isa = PBXFileReference; lastKnownFileType = sourcecode.c.objc; path = main.m; sourceTree = "<group>"; };
		3E28A963190BB02400C03663 /* OCD-Prefix.pch */ = {isa = PBXFileReference; lastKnownFileType = sourcecode.c.h; path = "OCD-Prefix.pch"; sourceTree = "<group>"; };
		3E28A964190BB02400C03663 /* OCDAppDelegate.h */ = {isa = PBXFileReference; lastKnownFileType = sourcecode.c.h; path = OCDAppDelegate.h; sourceTree = "<group>"; };
		3E28A965190BB02400C03663 /* OCDAppDelegate.m */ = {isa = PBXFileReference; lastKnownFileType = sourcecode.c.objc; path = OCDAppDelegate.m; sourceTree = "<group>"; };
		3E28A968190BB02400C03663 /* Base */ = {isa = PBXFileReference; lastKnownFileType = file.storyboard; name = Base; path = Base.lproj/Main_iPhone.storyboard; sourceTree = "<group>"; };
		3E28A96B190BB02400C03663 /* Base */ = {isa = PBXFileReference; lastKnownFileType = file.storyboard; name = Base; path = Base.lproj/Main_iPad.storyboard; sourceTree = "<group>"; };
		3E28A96D190BB02400C03663 /* OCDViewController.h */ = {isa = PBXFileReference; lastKnownFileType = sourcecode.c.h; path = OCDViewController.h; sourceTree = "<group>"; };
		3E28A96E190BB02400C03663 /* OCDViewController.m */ = {isa = PBXFileReference; lastKnownFileType = sourcecode.c.objc; path = OCDViewController.m; sourceTree = "<group>"; };
		3E28A970190BB02400C03663 /* OCDMyScene.h */ = {isa = PBXFileReference; lastKnownFileType = sourcecode.c.h; path = OCDMyScene.h; sourceTree = "<group>"; };
		3E28A971190BB02400C03663 /* OCDMyScene.m */ = {isa = PBXFileReference; lastKnownFileType = sourcecode.c.objc; path = OCDMyScene.m; sourceTree = "<group>"; };
		3E28A973190BB02400C03663 /* Spaceship.png */ = {isa = PBXFileReference; lastKnownFileType = image.png; path = Spaceship.png; sourceTree = "<group>"; };
		3E28A975190BB02400C03663 /* Images.xcassets */ = {isa = PBXFileReference; lastKnownFileType = folder.assetcatalog; path = Images.xcassets; sourceTree = "<group>"; };
		3E28A97B190BB02400C03663 /* OCDTests.xctest */ = {isa = PBXFileReference; explicitFileType = wrapper.cfbundle; includeInIndex = 0; path = OCDTests.xctest; sourceTree = BUILT_PRODUCTS_DIR; };
		3E28A97C190BB02400C03663 /* XCTest.framework */ = {isa = PBXFileReference; lastKnownFileType = wrapper.framework; name = XCTest.framework; path = Library/Frameworks/XCTest.framework; sourceTree = DEVELOPER_DIR; };
		3E28A984190BB02400C03663 /* OCDTests-Info.plist */ = {isa = PBXFileReference; lastKnownFileType = text.plist.xml; path = "OCDTests-Info.plist"; sourceTree = "<group>"; };
		3E28A986190BB02400C03663 /* en */ = {isa = PBXFileReference; lastKnownFileType = text.plist.strings; name = en; path = en.lproj/InfoPlist.strings; sourceTree = "<group>"; };
		3E28A988190BB02400C03663 /* OCDTests.m */ = {isa = PBXFileReference; lastKnownFileType = sourcecode.c.objc; path = OCDTests.m; sourceTree = "<group>"; };
/* End PBXFileReference section */

/* Begin PBXFrameworksBuildPhase section */
		3E28A94D190BB02400C03663 /* Frameworks */ = {
			isa = PBXFrameworksBuildPhase;
			buildActionMask = 2147483647;
			files = (
				3E28A956190BB02400C03663 /* CoreGraphics.framework in Frameworks */,
				3E28A958190BB02400C03663 /* UIKit.framework in Frameworks */,
				3E28A95A190BB02400C03663 /* SpriteKit.framework in Frameworks */,
				3E28A954190BB02400C03663 /* Foundation.framework in Frameworks */,
			);
			runOnlyForDeploymentPostprocessing = 0;
		};
		3E28A978190BB02400C03663 /* Frameworks */ = {
			isa = PBXFrameworksBuildPhase;
			buildActionMask = 2147483647;
			files = (
				3E28A97D190BB02400C03663 /* XCTest.framework in Frameworks */,
				3E28A97F190BB02400C03663 /* UIKit.framework in Frameworks */,
				3E28A97E190BB02400C03663 /* Foundation.framework in Frameworks */,
			);
			runOnlyForDeploymentPostprocessing = 0;
		};
/* End PBXFrameworksBuildPhase section */

/* Begin PBXGroup section */
		3E28A947190BB02400C03663 = {
			isa = PBXGroup;
			children = (
				3E28A95B190BB02400C03663 /* OCD */,
				3E28A982190BB02400C03663 /* OCDTests */,
				3E28A952190BB02400C03663 /* Frameworks */,
				3E28A951190BB02400C03663 /* Products */,
			);
			sourceTree = "<group>";
		};
		3E28A951190BB02400C03663 /* Products */ = {
			isa = PBXGroup;
			children = (
				3E28A950190BB02400C03663 /* OCD.app */,
				3E28A97B190BB02400C03663 /* OCDTests.xctest */,
			);
			name = Products;
			sourceTree = "<group>";
		};
		3E28A952190BB02400C03663 /* Frameworks */ = {
			isa = PBXGroup;
			children = (
				3E28A953190BB02400C03663 /* Foundation.framework */,
				3E28A955190BB02400C03663 /* CoreGraphics.framework */,
				3E28A957190BB02400C03663 /* UIKit.framework */,
				3E28A959190BB02400C03663 /* SpriteKit.framework */,
				3E28A97C190BB02400C03663 /* XCTest.framework */,
			);
			name = Frameworks;
			sourceTree = "<group>";
		};
		3E28A95B190BB02400C03663 /* OCD */ = {
			isa = PBXGroup;
			children = (
				3E28A964190BB02400C03663 /* OCDAppDelegate.h */,
				3E28A965190BB02400C03663 /* OCDAppDelegate.m */,
				3E28A967190BB02400C03663 /* Main_iPhone.storyboard */,
				3E28A96A190BB02400C03663 /* Main_iPad.storyboard */,
				3E28A96D190BB02400C03663 /* OCDViewController.h */,
				3E28A96E190BB02400C03663 /* OCDViewController.m */,
				3E28A970190BB02400C03663 /* OCDMyScene.h */,
				3E28A971190BB02400C03663 /* OCDMyScene.m */,
				3E28A973190BB02400C03663 /* Spaceship.png */,
				3E28A975190BB02400C03663 /* Images.xcassets */,
				3E28A95C190BB02400C03663 /* Supporting Files */,
			);
			path = OCD;
			sourceTree = "<group>";
		};
		3E28A95C190BB02400C03663 /* Supporting Files */ = {
			isa = PBXGroup;
			children = (
				3E28A95D190BB02400C03663 /* OCD-Info.plist */,
				3E28A95E190BB02400C03663 /* InfoPlist.strings */,
				3E28A961190BB02400C03663 /* main.m */,
				3E28A963190BB02400C03663 /* OCD-Prefix.pch */,
			);
			name = "Supporting Files";
			sourceTree = "<group>";
		};
		3E28A982190BB02400C03663 /* OCDTests */ = {
			isa = PBXGroup;
			children = (
				3E28A988190BB02400C03663 /* OCDTests.m */,
				3E28A983190BB02400C03663 /* Supporting Files */,
			);
			path = OCDTests;
			sourceTree = "<group>";
		};
		3E28A983190BB02400C03663 /* Supporting Files */ = {
			isa = PBXGroup;
			children = (
				3E28A984190BB02400C03663 /* OCDTests-Info.plist */,
				3E28A985190BB02400C03663 /* InfoPlist.strings */,
			);
			name = "Supporting Files";
			sourceTree = "<group>";
		};
/* End PBXGroup section */

/* Begin PBXNativeTarget section */
		3E28A94F190BB02400C03663 /* OCD */ = {
			isa = PBXNativeTarget;
			buildConfigurationList = 3E28A98C190BB02400C03663 /* Build configuration list for PBXNativeTarget "OCD" */;
			buildPhases = (
				3E28A94C190BB02400C03663 /* Sources */,
				3E28A94D190BB02400C03663 /* Frameworks */,
				3E28A94E190BB02400C03663 /* Resources */,
			);
			buildRules = (
			);
			dependencies = (
			);
			name = OCD;
			productName = OCD;
			productReference = 3E28A950190BB02400C03663 /* OCD.app */;
			productType = "com.apple.product-type.application";
		};
		3E28A97A190BB02400C03663 /* OCDTests */ = {
			isa = PBXNativeTarget;
			buildConfigurationList = 3E28A98F190BB02400C03663 /* Build configuration list for PBXNativeTarget "OCDTests" */;
			buildPhases = (
				3E28A977190BB02400C03663 /* Sources */,
				3E28A978190BB02400C03663 /* Frameworks */,
				3E28A979190BB02400C03663 /* Resources */,
			);
			buildRules = (
			);
			dependencies = (
				3E28A981190BB02400C03663 /* PBXTargetDependency */,
			);
			name = OCDTests;
			productName = OCDTests;
			productReference = 3E28A97B190BB02400C03663 /* OCDTests.xctest */;
			productType = "com.apple.product-type.bundle.unit-test";
		};
/* End PBXNativeTarget section */

/* Begin PBXProject section */
		3E28A948190BB02400C03663 /* Project object */ = {
			isa = PBXProject;
			attributes = {
				CLASSPREFIX = OCD;
				LastUpgradeCheck = 0510;
				ORGANIZATIONNAME = "Chin and Cheeks";
				TargetAttributes = {
					3E28A97A190BB02400C03663 = {
						TestTargetID = 3E28A94F190BB02400C03663;
					};
				};
			};
			buildConfigurationList = 3E28A94B190BB02400C03663 /* Build configuration list for PBXProject "OCD" */;
			compatibilityVersion = "Xcode 3.2";
			developmentRegion = English;
			hasScannedForEncodings = 0;
			knownRegions = (
				en,
				Base,
			);
			mainGroup = 3E28A947190BB02400C03663;
			productRefGroup = 3E28A951190BB02400C03663 /* Products */;
			projectDirPath = "";
			projectRoot = "";
			targets = (
				3E28A94F190BB02400C03663 /* OCD */,
				3E28A97A190BB02400C03663 /* OCDTests */,
			);
		};
/* End PBXProject section */

/* Begin PBXResourcesBuildPhase section */
		3E28A94E190BB02400C03663 /* Resources */ = {
			isa = PBXResourcesBuildPhase;
			buildActionMask = 2147483647;
			files = (
				3E28A974190BB02400C03663 /* Spaceship.png in Resources */,
				3E28A976190BB02400C03663 /* Images.xcassets in Resources */,
				3E28A96C190BB02400C03663 /* Main_iPad.storyboard in Resources */,
				3E28A969190BB02400C03663 /* Main_iPhone.storyboard in Resources */,
				3E28A960190BB02400C03663 /* InfoPlist.strings in Resources */,
			);
			runOnlyForDeploymentPostprocessing = 0;
		};
		3E28A979190BB02400C03663 /* Resources */ = {
			isa = PBXResourcesBuildPhase;
			buildActionMask = 2147483647;
			files = (
				3E28A987190BB02400C03663 /* InfoPlist.strings in Resources */,
			);
			runOnlyForDeploymentPostprocessing = 0;
		};
/* End PBXResourcesBuildPhase section */

/* Begin PBXSourcesBuildPhase section */
		3E28A94C190BB02400C03663 /* Sources */ = {
			isa = PBXSourcesBuildPhase;
			buildActionMask = 2147483647;
			files = (
				3E28A96F190BB02400C03663 /* OCDViewController.m in Sources */,
				3E28A972190BB02400C03663 /* OCDMyScene.m in Sources */,
				3E28A962190BB02400C03663 /* main.m in Sources */,
				3E28A966190BB02400C03663 /* OCDAppDelegate.m in Sources */,
			);
			runOnlyForDeploymentPostprocessing = 0;
		};
		3E28A977190BB02400C03663 /* Sources */ = {
			isa = PBXSourcesBuildPhase;
			buildActionMask = 2147483647;
			files = (
				3E28A989190BB02400C03663 /* OCDTests.m in Sources */,
			);
			runOnlyForDeploymentPostprocessing = 0;
		};
/* End PBXSourcesBuildPhase section */

/* Begin PBXTargetDependency section */
		3E28A981190BB02400C03663 /* PBXTargetDependency */ = {
			isa = PBXTargetDependency;
			target = 3E28A94F190BB02400C03663 /* OCD */;
			targetProxy = 3E28A980190BB02400C03663 /* PBXContainerItemProxy */;
		};
/* End PBXTargetDependency section */

/* Begin PBXVariantGroup section */
		3E28A95E190BB02400C03663 /* InfoPlist.strings */ = {
			isa = PBXVariantGroup;
			children = (
				3E28A95F190BB02400C03663 /* en */,
			);
			name = InfoPlist.strings;
			sourceTree = "<group>";
		};
		3E28A967190BB02400C03663 /* Main_iPhone.storyboard */ = {
			isa = PBXVariantGroup;
			children = (
				3E28A968190BB02400C03663 /* Base */,
			);
			name = Main_iPhone.storyboard;
			sourceTree = "<group>";
		};
		3E28A96A190BB02400C03663 /* Main_iPad.storyboard */ = {
			isa = PBXVariantGroup;
			children = (
				3E28A96B190BB02400C03663 /* Base */,
			);
			name = Main_iPad.storyboard;
			sourceTree = "<group>";
		};
		3E28A985190BB02400C03663 /* InfoPlist.strings */ = {
			isa = PBXVariantGroup;
			children = (
				3E28A986190BB02400C03663 /* en */,
			);
			name = InfoPlist.strings;
			sourceTree = "<group>";
		};
/* End PBXVariantGroup section */

/* Begin XCBuildConfiguration section */
		3E28A98A190BB02400C03663 /* Debug */ = {
			isa = XCBuildConfiguration;
			buildSettings = {
				ALWAYS_SEARCH_USER_PATHS = NO;
				CLANG_CXX_LANGUAGE_STANDARD = "gnu++0x";
				CLANG_CXX_LIBRARY = "libc++";
				CLANG_ENABLE_MODULES = YES;
				CLANG_ENABLE_OBJC_ARC = YES;
				CLANG_WARN_BOOL_CONVERSION = YES;
				CLANG_WARN_CONSTANT_CONVERSION = YES;
				CLANG_WARN_DIRECT_OBJC_ISA_USAGE = YES_ERROR;
				CLANG_WARN_EMPTY_BODY = YES;
				CLANG_WARN_ENUM_CONVERSION = YES;
				CLANG_WARN_INT_CONVERSION = YES;
				CLANG_WARN_OBJC_ROOT_CLASS = YES_ERROR;
				CLANG_WARN__DUPLICATE_METHOD_MATCH = YES;
				"CODE_SIGN_IDENTITY[sdk=iphoneos*]" = "iPhone Developer";
				COPY_PHASE_STRIP = NO;
				GCC_C_LANGUAGE_STANDARD = gnu99;
				GCC_DYNAMIC_NO_PIC = NO;
				GCC_OPTIMIZATION_LEVEL = 0;
				GCC_PREPROCESSOR_DEFINITIONS = (
					"DEBUG=1",
					"$(inherited)",
				);
				GCC_SYMBOLS_PRIVATE_EXTERN = NO;
				GCC_WARN_64_TO_32_BIT_CONVERSION = YES;
				GCC_WARN_ABOUT_RETURN_TYPE = YES_ERROR;
				GCC_WARN_UNDECLARED_SELECTOR = YES;
				GCC_WARN_UNINITIALIZED_AUTOS = YES_AGGRESSIVE;
				GCC_WARN_UNUSED_FUNCTION = YES;
				GCC_WARN_UNUSED_VARIABLE = YES;
				IPHONEOS_DEPLOYMENT_TARGET = 7.1;
				ONLY_ACTIVE_ARCH = YES;
				SDKROOT = iphoneos;
				TARGETED_DEVICE_FAMILY = "1,2";
			};
			name = Debug;
		};
		3E28A98B190BB02400C03663 /* Release */ = {
			isa = XCBuildConfiguration;
			buildSettings = {
				ALWAYS_SEARCH_USER_PATHS = NO;
				CLANG_CXX_LANGUAGE_STANDARD = "gnu++0x";
				CLANG_CXX_LIBRARY = "libc++";
				CLANG_ENABLE_MODULES = YES;
				CLANG_ENABLE_OBJC_ARC = YES;
				CLANG_WARN_BOOL_CONVERSION = YES;
				CLANG_WARN_CONSTANT_CONVERSION = YES;
				CLANG_WARN_DIRECT_OBJC_ISA_USAGE = YES_ERROR;
				CLANG_WARN_EMPTY_BODY = YES;
				CLANG_WARN_ENUM_CONVERSION = YES;
				CLANG_WARN_INT_CONVERSION = YES;
				CLANG_WARN_OBJC_ROOT_CLASS = YES_ERROR;
				CLANG_WARN__DUPLICATE_METHOD_MATCH = YES;
				"CODE_SIGN_IDENTITY[sdk=iphoneos*]" = "iPhone Developer";
				COPY_PHASE_STRIP = YES;
				ENABLE_NS_ASSERTIONS = NO;
				GCC_C_LANGUAGE_STANDARD = gnu99;
				GCC_WARN_64_TO_32_BIT_CONVERSION = YES;
				GCC_WARN_ABOUT_RETURN_TYPE = YES_ERROR;
				GCC_WARN_UNDECLARED_SELECTOR = YES;
				GCC_WARN_UNINITIALIZED_AUTOS = YES_AGGRESSIVE;
				GCC_WARN_UNUSED_FUNCTION = YES;
				GCC_WARN_UNUSED_VARIABLE = YES;
				IPHONEOS_DEPLOYMENT_TARGET = 7.1;
				SDKROOT = iphoneos;
				TARGETED_DEVICE_FAMILY = "1,2";
				VALIDATE_PRODUCT = YES;
			};
			name = Release;
		};
		3E28A98D190BB02400C03663 /* Debug */ = {
			isa = XCBuildConfiguration;
			buildSettings = {
				ASSETCATALOG_COMPILER_APPICON_NAME = AppIcon;
				ASSETCATALOG_COMPILER_LAUNCHIMAGE_NAME = LaunchImage;
				GCC_PRECOMPILE_PREFIX_HEADER = YES;
				GCC_PREFIX_HEADER = "OCD/OCD-Prefix.pch";
				INFOPLIST_FILE = "OCD/OCD-Info.plist";
				PRODUCT_NAME = "$(TARGET_NAME)";
				SPRITEKIT_TEXTURE_ATLAS_OUTPUT = YES;
				WRAPPER_EXTENSION = app;
			};
			name = Debug;
		};
		3E28A98E190BB02400C03663 /* Release */ = {
			isa = XCBuildConfiguration;
			buildSettings = {
				ASSETCATALOG_COMPILER_APPICON_NAME = AppIcon;
				ASSETCATALOG_COMPILER_LAUNCHIMAGE_NAME = LaunchImage;
				GCC_PRECOMPILE_PREFIX_HEADER = YES;
				GCC_PREFIX_HEADER = "OCD/OCD-Prefix.pch";
				INFOPLIST_FILE = "OCD/OCD-Info.plist";
				PRODUCT_NAME = "$(TARGET_NAME)";
				SPRITEKIT_TEXTURE_ATLAS_OUTPUT = YES;
				WRAPPER_EXTENSION = app;
			};
			name = Release;
		};
		3E28A990190BB02400C03663 /* Debug */ = {
			isa = XCBuildConfiguration;
			buildSettings = {
				BUNDLE_LOADER = "$(BUILT_PRODUCTS_DIR)/OCD.app/OCD";
				FRAMEWORK_SEARCH_PATHS = (
					"$(SDKROOT)/Developer/Library/Frameworks",
					"$(inherited)",
					"$(DEVELOPER_FRAMEWORKS_DIR)",
				);
				GCC_PRECOMPILE_PREFIX_HEADER = YES;
				GCC_PREFIX_HEADER = "OCD/OCD-Prefix.pch";
				GCC_PREPROCESSOR_DEFINITIONS = (
					"DEBUG=1",
					"$(inherited)",
				);
				INFOPLIST_FILE = "OCDTests/OCDTests-Info.plist";
				PRODUCT_NAME = "$(TARGET_NAME)";
				TEST_HOST = "$(BUNDLE_LOADER)";
				WRAPPER_EXTENSION = xctest;
			};
			name = Debug;
		};
		3E28A991190BB02400C03663 /* Release */ = {
			isa = XCBuildConfiguration;
			buildSettings = {
				BUNDLE_LOADER = "$(BUILT_PRODUCTS_DIR)/OCD.app/OCD";
				FRAMEWORK_SEARCH_PATHS = (
					"$(SDKROOT)/Developer/Library/Frameworks",
					"$(inherited)",
					"$(DEVELOPER_FRAMEWORKS_DIR)",
				);
				GCC_PRECOMPILE_PREFIX_HEADER = YES;
				GCC_PREFIX_HEADER = "OCD/OCD-Prefix.pch";
				INFOPLIST_FILE = "OCDTests/OCDTests-Info.plist";
				PRODUCT_NAME = "$(TARGET_NAME)";
				TEST_HOST = "$(BUNDLE_LOADER)";
				WRAPPER_EXTENSION = xctest;
			};
			name = Release;
		};
/* End XCBuildConfiguration section */

/* Begin XCConfigurationList section */
		3E28A94B190BB02400C03663 /* Build configuration list for PBXProject "OCD" */ = {
			isa = XCConfigurationList;
			buildConfigurations = (
				3E28A98A190BB02400C03663 /* Debug */,
				3E28A98B190BB02400C03663 /* Release */,
			);
			defaultConfigurationIsVisible = 0;
			defaultConfigurationName = Release;
		};
		3E28A98C190BB02400C03663 /* Build configuration list for PBXNativeTarget "OCD" */ = {
			isa = XCConfigurationList;
			buildConfigurations = (
				3E28A98D190BB02400C03663 /* Debug */,
				3E28A98E190BB02400C03663 /* Release */,
			);
			defaultConfigurationIsVisible = 0;
		};
		3E28A98F190BB02400C03663 /* Build configuration list for PBXNativeTarget "OCDTests" */ = {
			isa = XCConfigurationList;
			buildConfigurations = (
				3E28A990190BB02400C03663 /* Debug */,
				3E28A991190BB02400C03663 /* Release */,
			);
			defaultConfigurationIsVisible = 0;
		};
/* End XCConfigurationList section */
	};
	rootObject = 3E28A948190BB02400C03663 /* Project object */;
}
