// !$*UTF8*$!
{
	archiveVersion = 1;
	classes = {
	};
	objectVersion = 46;
	objects = {

/* Begin PBXBuildFile section */
		3E28A954190BB02400C03663 /* Foundation.framework in Frameworks */ = {isa = PBXBuildFile; fileRef = 3E28A953190BB02400C03663 /* Foundation.framework */; };
		3E28A956190BB02400C03663 /* CoreGraphics.framework in Frameworks */ = {isa = PBXBuildFile; fileRef = 3E28A955190BB02400C03663 /* CoreGraphics.framework */; };
		3E28A958190BB02400C03663 /* UIKit.framework in Frameworks */ = {isa = PBXBuildFile; fileRef = 3E28A957190BB02400C03663 /* UIKit.framework */; };
		3E28A95A190BB02400C03663 /* SpriteKit.framework in Frameworks */ = {isa = PBXBuildFile; fileRef = 3E28A959190BB02400C03663 /* SpriteKit.framework */; };
		3E28A960190BB02400C03663 /* InfoPlist.strings in Resources */ = {isa = PBXBuildFile; fileRef = 3E28A95E190BB02400C03663 /* InfoPlist.strings */; };
		3E28A962190BB02400C03663 /* main.m in Sources */ = {isa = PBXBuildFile; fileRef = 3E28A961190BB02400C03663 /* main.m */; };
		3E28A969190BB02400C03663 /* Main_iPhone.storyboard in Resources */ = {isa = PBXBuildFile; fileRef = 3E28A967190BB02400C03663 /* Main_iPhone.storyboard */; };
		3E28A97D190BB02400C03663 /* XCTest.framework in Frameworks */ = {isa = PBXBuildFile; fileRef = 3E28A97C190BB02400C03663 /* XCTest.framework */; };
		3E28A97E190BB02400C03663 /* Foundation.framework in Frameworks */ = {isa = PBXBuildFile; fileRef = 3E28A953190BB02400C03663 /* Foundation.framework */; };
		3E28A97F190BB02400C03663 /* UIKit.framework in Frameworks */ = {isa = PBXBuildFile; fileRef = 3E28A957190BB02400C03663 /* UIKit.framework */; };
		3E28A987190BB02400C03663 /* InfoPlist.strings in Resources */ = {isa = PBXBuildFile; fileRef = 3E28A985190BB02400C03663 /* InfoPlist.strings */; };
		3E28A989190BB02400C03663 /* OCDTests.m in Sources */ = {isa = PBXBuildFile; fileRef = 3E28A988190BB02400C03663 /* OCDTests.m */; };
		3E3DA0FF191E283B00DC2112 /* CNCButton.m in Sources */ = {isa = PBXBuildFile; fileRef = 3E3DA0EE191E283B00DC2112 /* CNCButton.m */; };
		3E3DA100191E283B00DC2112 /* CNCOneFingerRotationGestureRecognizer.m in Sources */ = {isa = PBXBuildFile; fileRef = 3E3DA0F0191E283B00DC2112 /* CNCOneFingerRotationGestureRecognizer.m */; };
		3E3DA101191E283B00DC2112 /* OCDGameObject.m in Sources */ = {isa = PBXBuildFile; fileRef = 3E3DA0F3191E283B00DC2112 /* OCDGameObject.m */; };
		3E3DA102191E283B00DC2112 /* OCDAppDelegate.m in Sources */ = {isa = PBXBuildFile; fileRef = 3E3DA0F5191E283B00DC2112 /* OCDAppDelegate.m */; };
		3E3DA103191E283B00DC2112 /* OCDViewController.m in Sources */ = {isa = PBXBuildFile; fileRef = 3E3DA0F8191E283B00DC2112 /* OCDViewController.m */; };
		3E3DA104191E283B00DC2112 /* OCDPrototypeScene.m in Sources */ = {isa = PBXBuildFile; fileRef = 3E3DA0FB191E283B00DC2112 /* OCDPrototypeScene.m */; };
		3E3DA105191E283B00DC2112 /* OCDTutorialScene.m in Sources */ = {isa = PBXBuildFile; fileRef = 3E3DA0FD191E283B00DC2112 /* OCDTutorialScene.m */; };
		3E3DA10C191E286A00DC2112 /* Images.xcassets in Resources */ = {isa = PBXBuildFile; fileRef = 3E3DA108191E286A00DC2112 /* Images.xcassets */; };
		3E3DA10F191E289D00DC2112 /* OCDGameManager.m in Sources */ = {isa = PBXBuildFile; fileRef = 3E3DA10E191E289D00DC2112 /* OCDGameManager.m */; };
		3E3DA111191E29B800DC2112 /* tutorial-music.mp3 in Resources */ = {isa = PBXBuildFile; fileRef = 3E3DA110191E29B800DC2112 /* tutorial-music.mp3 */; };
		3E6F63B1191F447700E60EF2 /* libSpriteKit-Components.a in Frameworks */ = {isa = PBXBuildFile; fileRef = 3E6F63AC191F446700E60EF2 /* libSpriteKit-Components.a */; };
		3E6F63B2191F454F00E60EF2 /* Main_iPad.storyboard in Resources */ = {isa = PBXBuildFile; fileRef = 3E28A96A190BB02400C03663 /* Main_iPad.storyboard */; };
		3E6F640E191F5ECE00E60EF2 /* OCDDraggableObject.m in Sources */ = {isa = PBXBuildFile; fileRef = 3E6F640D191F5ECE00E60EF2 /* OCDDraggableObject.m */; };
		3E6F6412191F5F2800E60EF2 /* OCDDraggableComponent.m in Sources */ = {isa = PBXBuildFile; fileRef = 3E6F6411191F5F2800E60EF2 /* OCDDraggableComponent.m */; };
		3E8EC74B19345FF700DE2C18 /* OCDDeskScene.m in Sources */ = {isa = PBXBuildFile; fileRef = 3E8EC74A19345FF700DE2C18 /* OCDDeskScene.m */; };
		3EAB4603192F339E009FFE02 /* FuturaStd-Medium.otf in Resources */ = {isa = PBXBuildFile; fileRef = 3EAB4602192F339E009FFE02 /* FuturaStd-Medium.otf */; };
		3EAEAA911921F06500A9CCED /* sfx-click.wav in Resources */ = {isa = PBXBuildFile; fileRef = 3EAEAA901921F06500A9CCED /* sfx-click.wav */; };
		3ED6448219207BCE009A17E9 /* OCDLockPositionComponent.m in Sources */ = {isa = PBXBuildFile; fileRef = 3ED6448119207BCE009A17E9 /* OCDLockPositionComponent.m */; };
/* End PBXBuildFile section */

/* Begin PBXContainerItemProxy section */
		3E28A980190BB02400C03663 /* PBXContainerItemProxy */ = {
			isa = PBXContainerItemProxy;
			containerPortal = 3E28A948190BB02400C03663 /* Project object */;
			proxyType = 1;
			remoteGlobalIDString = 3E28A94F190BB02400C03663;
			remoteInfo = OCD;
		};
		3E6F63AB191F446700E60EF2 /* PBXContainerItemProxy */ = {
			isa = PBXContainerItemProxy;
			containerPortal = 3E6F63A6191F446700E60EF2 /* SpriteKit-Components.xcodeproj */;
			proxyType = 2;
			remoteGlobalIDString = D924214B1779E20B00CF03C8;
			remoteInfo = "SpriteKit-Components";
		};
		3E6F63AD191F446700E60EF2 /* PBXContainerItemProxy */ = {
			isa = PBXContainerItemProxy;
			containerPortal = 3E6F63A6191F446700E60EF2 /* SpriteKit-Components.xcodeproj */;
			proxyType = 2;
			remoteGlobalIDString = D924215B1779E20B00CF03C8;
			remoteInfo = "SpriteKit-ComponentsTests";
		};
		3E6F63AF191F447400E60EF2 /* PBXContainerItemProxy */ = {
			isa = PBXContainerItemProxy;
			containerPortal = 3E6F63A6191F446700E60EF2 /* SpriteKit-Components.xcodeproj */;
			proxyType = 1;
			remoteGlobalIDString = D924214A1779E20B00CF03C8;
			remoteInfo = "SpriteKit-Components";
		};
/* End PBXContainerItemProxy section */

/* Begin PBXFileReference section */
		3E28A950190BB02400C03663 /* OCD.app */ = {isa = PBXFileReference; explicitFileType = wrapper.application; includeInIndex = 0; path = OCD.app; sourceTree = BUILT_PRODUCTS_DIR; };
		3E28A953190BB02400C03663 /* Foundation.framework */ = {isa = PBXFileReference; lastKnownFileType = wrapper.framework; name = Foundation.framework; path = System/Library/Frameworks/Foundation.framework; sourceTree = SDKROOT; };
		3E28A955190BB02400C03663 /* CoreGraphics.framework */ = {isa = PBXFileReference; lastKnownFileType = wrapper.framework; name = CoreGraphics.framework; path = System/Library/Frameworks/CoreGraphics.framework; sourceTree = SDKROOT; };
		3E28A957190BB02400C03663 /* UIKit.framework */ = {isa = PBXFileReference; lastKnownFileType = wrapper.framework; name = UIKit.framework; path = System/Library/Frameworks/UIKit.framework; sourceTree = SDKROOT; };
		3E28A959190BB02400C03663 /* SpriteKit.framework */ = {isa = PBXFileReference; lastKnownFileType = wrapper.framework; name = SpriteKit.framework; path = System/Library/Frameworks/SpriteKit.framework; sourceTree = SDKROOT; };
		3E28A95D190BB02400C03663 /* OCD-Info.plist */ = {isa = PBXFileReference; lastKnownFileType = text.plist.xml; path = "OCD-Info.plist"; sourceTree = "<group>"; };
		3E28A95F190BB02400C03663 /* en */ = {isa = PBXFileReference; lastKnownFileType = text.plist.strings; name = en; path = en.lproj/InfoPlist.strings; sourceTree = "<group>"; };
		3E28A961190BB02400C03663 /* main.m */ = {isa = PBXFileReference; lastKnownFileType = sourcecode.c.objc; path = main.m; sourceTree = "<group>"; };
		3E28A963190BB02400C03663 /* OCD-Prefix.pch */ = {isa = PBXFileReference; lastKnownFileType = sourcecode.c.h; path = "OCD-Prefix.pch"; sourceTree = "<group>"; };
		3E28A968190BB02400C03663 /* Base */ = {isa = PBXFileReference; lastKnownFileType = file.storyboard; name = Base; path = Base.lproj/Main_iPhone.storyboard; sourceTree = "<group>"; };
		3E28A96B190BB02400C03663 /* Base */ = {isa = PBXFileReference; lastKnownFileType = file.storyboard; name = Base; path = Base.lproj/Main_iPad.storyboard; sourceTree = "<group>"; };
		3E28A97B190BB02400C03663 /* OCDTests.xctest */ = {isa = PBXFileReference; explicitFileType = wrapper.cfbundle; includeInIndex = 0; path = OCDTests.xctest; sourceTree = BUILT_PRODUCTS_DIR; };
		3E28A97C190BB02400C03663 /* XCTest.framework */ = {isa = PBXFileReference; lastKnownFileType = wrapper.framework; name = XCTest.framework; path = Library/Frameworks/XCTest.framework; sourceTree = DEVELOPER_DIR; };
		3E28A984190BB02400C03663 /* OCDTests-Info.plist */ = {isa = PBXFileReference; lastKnownFileType = text.plist.xml; path = "OCDTests-Info.plist"; sourceTree = "<group>"; };
		3E28A986190BB02400C03663 /* en */ = {isa = PBXFileReference; lastKnownFileType = text.plist.strings; name = en; path = en.lproj/InfoPlist.strings; sourceTree = "<group>"; };
		3E28A988190BB02400C03663 /* OCDTests.m */ = {isa = PBXFileReference; lastKnownFileType = sourcecode.c.objc; path = OCDTests.m; sourceTree = "<group>"; };
		3E3DA0ED191E283B00DC2112 /* CNCButton.h */ = {isa = PBXFileReference; fileEncoding = 4; lastKnownFileType = sourcecode.c.h; path = CNCButton.h; sourceTree = "<group>"; };
		3E3DA0EE191E283B00DC2112 /* CNCButton.m */ = {isa = PBXFileReference; fileEncoding = 4; lastKnownFileType = sourcecode.c.objc; path = CNCButton.m; sourceTree = "<group>"; };
		3E3DA0EF191E283B00DC2112 /* CNCOneFingerRotationGestureRecognizer.h */ = {isa = PBXFileReference; fileEncoding = 4; lastKnownFileType = sourcecode.c.h; path = CNCOneFingerRotationGestureRecognizer.h; sourceTree = "<group>"; };
		3E3DA0F0191E283B00DC2112 /* CNCOneFingerRotationGestureRecognizer.m */ = {isa = PBXFileReference; fileEncoding = 4; lastKnownFileType = sourcecode.c.objc; path = CNCOneFingerRotationGestureRecognizer.m; sourceTree = "<group>"; };
		3E3DA0F2191E283B00DC2112 /* OCDGameObject.h */ = {isa = PBXFileReference; fileEncoding = 4; lastKnownFileType = sourcecode.c.h; path = OCDGameObject.h; sourceTree = "<group>"; };
		3E3DA0F3191E283B00DC2112 /* OCDGameObject.m */ = {isa = PBXFileReference; fileEncoding = 4; lastKnownFileType = sourcecode.c.objc; path = OCDGameObject.m; sourceTree = "<group>"; };
		3E3DA0F4191E283B00DC2112 /* OCDAppDelegate.h */ = {isa = PBXFileReference; fileEncoding = 4; lastKnownFileType = sourcecode.c.h; path = OCDAppDelegate.h; sourceTree = "<group>"; };
		3E3DA0F5191E283B00DC2112 /* OCDAppDelegate.m */ = {isa = PBXFileReference; fileEncoding = 4; lastKnownFileType = sourcecode.c.objc; path = OCDAppDelegate.m; sourceTree = "<group>"; };
		3E3DA0F6191E283B00DC2112 /* OCDConstants.h */ = {isa = PBXFileReference; fileEncoding = 4; lastKnownFileType = sourcecode.c.h; path = OCDConstants.h; sourceTree = "<group>"; };
		3E3DA0F7191E283B00DC2112 /* OCDViewController.h */ = {isa = PBXFileReference; fileEncoding = 4; lastKnownFileType = sourcecode.c.h; path = OCDViewController.h; sourceTree = "<group>"; };
		3E3DA0F8191E283B00DC2112 /* OCDViewController.m */ = {isa = PBXFileReference; fileEncoding = 4; lastKnownFileType = sourcecode.c.objc; path = OCDViewController.m; sourceTree = "<group>"; };
		3E3DA0FA191E283B00DC2112 /* OCDPrototypeScene.h */ = {isa = PBXFileReference; fileEncoding = 4; lastKnownFileType = sourcecode.c.h; path = OCDPrototypeScene.h; sourceTree = "<group>"; };
		3E3DA0FB191E283B00DC2112 /* OCDPrototypeScene.m */ = {isa = PBXFileReference; fileEncoding = 4; lastKnownFileType = sourcecode.c.objc; path = OCDPrototypeScene.m; sourceTree = "<group>"; };
		3E3DA0FC191E283B00DC2112 /* OCDTutorialScene.h */ = {isa = PBXFileReference; fileEncoding = 4; lastKnownFileType = sourcecode.c.h; path = OCDTutorialScene.h; sourceTree = "<group>"; };
		3E3DA0FD191E283B00DC2112 /* OCDTutorialScene.m */ = {isa = PBXFileReference; fileEncoding = 4; lastKnownFileType = sourcecode.c.objc; path = OCDTutorialScene.m; sourceTree = "<group>"; };
		3E3DA108191E286A00DC2112 /* Images.xcassets */ = {isa = PBXFileReference; lastKnownFileType = folder.assetcatalog; path = Images.xcassets; sourceTree = "<group>"; };
		3E3DA10D191E289D00DC2112 /* OCDGameManager.h */ = {isa = PBXFileReference; fileEncoding = 4; lastKnownFileType = sourcecode.c.h; path = OCDGameManager.h; sourceTree = "<group>"; };
		3E3DA10E191E289D00DC2112 /* OCDGameManager.m */ = {isa = PBXFileReference; fileEncoding = 4; lastKnownFileType = sourcecode.c.objc; path = OCDGameManager.m; sourceTree = "<group>"; };
		3E3DA110191E29B800DC2112 /* tutorial-music.mp3 */ = {isa = PBXFileReference; lastKnownFileType = audio.mp3; path = "tutorial-music.mp3"; sourceTree = "<group>"; };
		3E6F63A6191F446700E60EF2 /* SpriteKit-Components.xcodeproj */ = {isa = PBXFileReference; lastKnownFileType = "wrapper.pb-project"; name = "SpriteKit-Components.xcodeproj"; path = "SpriteKit-Components/SpriteKit-Components.xcodeproj"; sourceTree = "<group>"; };
		3E6F640B191F493800E60EF2 /* SKComponents.h */ = {isa = PBXFileReference; fileEncoding = 4; lastKnownFileType = sourcecode.c.h; name = SKComponents.h; path = "SpriteKit-Components/SpriteKit-Components/SKComponents.h"; sourceTree = "<group>"; };
		3E6F640C191F5ECE00E60EF2 /* OCDDraggableObject.h */ = {isa = PBXFileReference; fileEncoding = 4; lastKnownFileType = sourcecode.c.h; path = OCDDraggableObject.h; sourceTree = "<group>"; };
		3E6F640D191F5ECE00E60EF2 /* OCDDraggableObject.m */ = {isa = PBXFileReference; fileEncoding = 4; lastKnownFileType = sourcecode.c.objc; path = OCDDraggableObject.m; sourceTree = "<group>"; };
		3E6F6410191F5F2800E60EF2 /* OCDDraggableComponent.h */ = {isa = PBXFileReference; fileEncoding = 4; lastKnownFileType = sourcecode.c.h; path = OCDDraggableComponent.h; sourceTree = "<group>"; };
		3E6F6411191F5F2800E60EF2 /* OCDDraggableComponent.m */ = {isa = PBXFileReference; fileEncoding = 4; lastKnownFileType = sourcecode.c.objc; path = OCDDraggableComponent.m; sourceTree = "<group>"; };
		3E8EC74919345FF700DE2C18 /* OCDDeskScene.h */ = {isa = PBXFileReference; fileEncoding = 4; lastKnownFileType = sourcecode.c.h; path = OCDDeskScene.h; sourceTree = "<group>"; };
		3E8EC74A19345FF700DE2C18 /* OCDDeskScene.m */ = {isa = PBXFileReference; fileEncoding = 4; lastKnownFileType = sourcecode.c.objc; path = OCDDeskScene.m; sourceTree = "<group>"; };
		3EAB4602192F339E009FFE02 /* FuturaStd-Medium.otf */ = {isa = PBXFileReference; lastKnownFileType = file; path = "FuturaStd-Medium.otf"; sourceTree = "<group>"; };
		3EAEAA901921F06500A9CCED /* sfx-click.wav */ = {isa = PBXFileReference; lastKnownFileType = audio.wav; path = "sfx-click.wav"; sourceTree = "<group>"; };
		3ED6448019207BCE009A17E9 /* OCDLockPositionComponent.h */ = {isa = PBXFileReference; fileEncoding = 4; lastKnownFileType = sourcecode.c.h; path = OCDLockPositionComponent.h; sourceTree = "<group>"; };
		3ED6448119207BCE009A17E9 /* OCDLockPositionComponent.m */ = {isa = PBXFileReference; fileEncoding = 4; lastKnownFileType = sourcecode.c.objc; path = OCDLockPositionComponent.m; sourceTree = "<group>"; };
/* End PBXFileReference section */

/* Begin PBXFrameworksBuildPhase section */
		3E28A94D190BB02400C03663 /* Frameworks */ = {
			isa = PBXFrameworksBuildPhase;
			buildActionMask = 2147483647;
			files = (
				3E28A956190BB02400C03663 /* CoreGraphics.framework in Frameworks */,
				3E28A958190BB02400C03663 /* UIKit.framework in Frameworks */,
				3E28A95A190BB02400C03663 /* SpriteKit.framework in Frameworks */,
				3E28A954190BB02400C03663 /* Foundation.framework in Frameworks */,
				3E6F63B1191F447700E60EF2 /* libSpriteKit-Components.a in Frameworks */,
			);
			runOnlyForDeploymentPostprocessing = 0;
		};
		3E28A978190BB02400C03663 /* Frameworks */ = {
			isa = PBXFrameworksBuildPhase;
			buildActionMask = 2147483647;
			files = (
				3E28A97D190BB02400C03663 /* XCTest.framework in Frameworks */,
				3E28A97F190BB02400C03663 /* UIKit.framework in Frameworks */,
				3E28A97E190BB02400C03663 /* Foundation.framework in Frameworks */,
			);
			runOnlyForDeploymentPostprocessing = 0;
		};
/* End PBXFrameworksBuildPhase section */

/* Begin PBXGroup section */
		3E28A947190BB02400C03663 = {
			isa = PBXGroup;
			children = (
				3E28A95B190BB02400C03663 /* OCD */,
				3E28A982190BB02400C03663 /* OCDTests */,
				3E28A952190BB02400C03663 /* Frameworks */,
				3E28A951190BB02400C03663 /* Products */,
			);
			sourceTree = "<group>";
		};
		3E28A951190BB02400C03663 /* Products */ = {
			isa = PBXGroup;
			children = (
				3E28A950190BB02400C03663 /* OCD.app */,
				3E28A97B190BB02400C03663 /* OCDTests.xctest */,
			);
			name = Products;
			sourceTree = "<group>";
		};
		3E28A952190BB02400C03663 /* Frameworks */ = {
			isa = PBXGroup;
			children = (
				3E28A953190BB02400C03663 /* Foundation.framework */,
				3E28A955190BB02400C03663 /* CoreGraphics.framework */,
				3E28A957190BB02400C03663 /* UIKit.framework */,
				3E28A959190BB02400C03663 /* SpriteKit.framework */,
				3E28A97C190BB02400C03663 /* XCTest.framework */,
			);
			name = Frameworks;
			sourceTree = "<group>";
		};
		3E28A95B190BB02400C03663 /* OCD */ = {
			isa = PBXGroup;
			children = (
				3E3DA0EA191E283B00DC2112 /* Classes */,
				3EAE8169191F3DB400B81540 /* Libraries */,
				3E3DA106191E286A00DC2112 /* Resources */,
				3E28A967190BB02400C03663 /* Main_iPhone.storyboard */,
				3E28A96A190BB02400C03663 /* Main_iPad.storyboard */,
				3E28A95C190BB02400C03663 /* Supporting Files */,
			);
			path = OCD;
			sourceTree = "<group>";
		};
		3E28A95C190BB02400C03663 /* Supporting Files */ = {
			isa = PBXGroup;
			children = (
				3E28A95D190BB02400C03663 /* OCD-Info.plist */,
				3E28A95E190BB02400C03663 /* InfoPlist.strings */,
				3E28A961190BB02400C03663 /* main.m */,
				3E28A963190BB02400C03663 /* OCD-Prefix.pch */,
			);
			name = "Supporting Files";
			sourceTree = "<group>";
		};
		3E28A982190BB02400C03663 /* OCDTests */ = {
			isa = PBXGroup;
			children = (
				3E28A988190BB02400C03663 /* OCDTests.m */,
				3E28A983190BB02400C03663 /* Supporting Files */,
			);
			path = OCDTests;
			sourceTree = "<group>";
		};
		3E28A983190BB02400C03663 /* Supporting Files */ = {
			isa = PBXGroup;
			children = (
				3E28A984190BB02400C03663 /* OCDTests-Info.plist */,
				3E28A985190BB02400C03663 /* InfoPlist.strings */,
			);
			name = "Supporting Files";
			sourceTree = "<group>";
		};
		3E3DA0EA191E283B00DC2112 /* Classes */ = {
			isa = PBXGroup;
			children = (
				3E3DA0EB191E283B00DC2112 /* Categories */,
				3E6F640F191F5F1500E60EF2 /* Components */,
				3E3DA0EC191E283B00DC2112 /* CNC */,
				3E3DA0F1191E283B00DC2112 /* Models */,
				3E3DA0F4191E283B00DC2112 /* OCDAppDelegate.h */,
				3E3DA0F5191E283B00DC2112 /* OCDAppDelegate.m */,
				3E3DA0F6191E283B00DC2112 /* OCDConstants.h */,
				3E3DA0F7191E283B00DC2112 /* OCDViewController.h */,
				3E3DA0F8191E283B00DC2112 /* OCDViewController.m */,
				3E3DA0F9191E283B00DC2112 /* Scenes */,
				3E3DA0FE191E283B00DC2112 /* Singletons */,
			);
			path = Classes;
			sourceTree = "<group>";
		};
		3E3DA0EB191E283B00DC2112 /* Categories */ = {
			isa = PBXGroup;
			children = (
			);
			path = Categories;
			sourceTree = "<group>";
		};
		3E3DA0EC191E283B00DC2112 /* CNC */ = {
			isa = PBXGroup;
			children = (
				3E3DA0ED191E283B00DC2112 /* CNCButton.h */,
				3E3DA0EE191E283B00DC2112 /* CNCButton.m */,
				3E3DA0EF191E283B00DC2112 /* CNCOneFingerRotationGestureRecognizer.h */,
				3E3DA0F0191E283B00DC2112 /* CNCOneFingerRotationGestureRecognizer.m */,
			);
			path = CNC;
			sourceTree = "<group>";
		};
		3E3DA0F1191E283B00DC2112 /* Models */ = {
			isa = PBXGroup;
			children = (
				3E3DA0F2191E283B00DC2112 /* OCDGameObject.h */,
				3E3DA0F3191E283B00DC2112 /* OCDGameObject.m */,
				3E6F640C191F5ECE00E60EF2 /* OCDDraggableObject.h */,
				3E6F640D191F5ECE00E60EF2 /* OCDDraggableObject.m */,
			);
			path = Models;
			sourceTree = "<group>";
		};
		3E3DA0F9191E283B00DC2112 /* Scenes */ = {
			isa = PBXGroup;
			children = (
				3E3DA0FA191E283B00DC2112 /* OCDPrototypeScene.h */,
				3E3DA0FB191E283B00DC2112 /* OCDPrototypeScene.m */,
				3E3DA0FC191E283B00DC2112 /* OCDTutorialScene.h */,
				3E3DA0FD191E283B00DC2112 /* OCDTutorialScene.m */,
				3E8EC74919345FF700DE2C18 /* OCDDeskScene.h */,
				3E8EC74A19345FF700DE2C18 /* OCDDeskScene.m */,
			);
			path = Scenes;
			sourceTree = "<group>";
		};
		3E3DA0FE191E283B00DC2112 /* Singletons */ = {
			isa = PBXGroup;
			children = (
				3E3DA10D191E289D00DC2112 /* OCDGameManager.h */,
				3E3DA10E191E289D00DC2112 /* OCDGameManager.m */,
			);
			path = Singletons;
			sourceTree = "<group>";
		};
		3E3DA106191E286A00DC2112 /* Resources */ = {
			isa = PBXGroup;
			children = (
				3E3DA107191E286A00DC2112 /* Fonts */,
				3E3DA108191E286A00DC2112 /* Images.xcassets */,
				3E3DA109191E286A00DC2112 /* Sounds */,
			);
			path = Resources;
			sourceTree = "<group>";
		};
		3E3DA107191E286A00DC2112 /* Fonts */ = {
			isa = PBXGroup;
			children = (
				3EAB4602192F339E009FFE02 /* FuturaStd-Medium.otf */,
			);
			path = Fonts;
			sourceTree = "<group>";
		};
		3E3DA109191E286A00DC2112 /* Sounds */ = {
			isa = PBXGroup;
			children = (
				3E3DA10A191E286A00DC2112 /* Music */,
				3E3DA10B191E286A00DC2112 /* SFX */,
			);
			path = Sounds;
			sourceTree = "<group>";
		};
		3E3DA10A191E286A00DC2112 /* Music */ = {
			isa = PBXGroup;
			children = (
				3E3DA110191E29B800DC2112 /* tutorial-music.mp3 */,
			);
			path = Music;
			sourceTree = "<group>";
		};
		3E3DA10B191E286A00DC2112 /* SFX */ = {
			isa = PBXGroup;
			children = (
				3EAEAA901921F06500A9CCED /* sfx-click.wav */,
			);
			path = SFX;
			sourceTree = "<group>";
		};
		3E6F63A7191F446700E60EF2 /* Products */ = {
			isa = PBXGroup;
			children = (
				3E6F63AC191F446700E60EF2 /* libSpriteKit-Components.a */,
				3E6F63AE191F446700E60EF2 /* SpriteKit-ComponentsTests.xctest */,
			);
			name = Products;
			sourceTree = "<group>";
		};
		3E6F640F191F5F1500E60EF2 /* Components */ = {
			isa = PBXGroup;
			children = (
				3E6F6410191F5F2800E60EF2 /* OCDDraggableComponent.h */,
				3E6F6411191F5F2800E60EF2 /* OCDDraggableComponent.m */,
				3ED6448019207BCE009A17E9 /* OCDLockPositionComponent.h */,
				3ED6448119207BCE009A17E9 /* OCDLockPositionComponent.m */,
			);
			path = Components;
			sourceTree = "<group>";
		};
		3EAE8169191F3DB400B81540 /* Libraries */ = {
			isa = PBXGroup;
			children = (
				3E6F640B191F493800E60EF2 /* SKComponents.h */,
				3E6F63A6191F446700E60EF2 /* SpriteKit-Components.xcodeproj */,
			);
			path = Libraries;
			sourceTree = "<group>";
		};
/* End PBXGroup section */

/* Begin PBXNativeTarget section */
		3E28A94F190BB02400C03663 /* OCD */ = {
			isa = PBXNativeTarget;
			buildConfigurationList = 3E28A98C190BB02400C03663 /* Build configuration list for PBXNativeTarget "OCD" */;
			buildPhases = (
				3E28A94C190BB02400C03663 /* Sources */,
				3E28A94D190BB02400C03663 /* Frameworks */,
				3E1B33BD1910EA6A00096B7B /* ShellScript */,
				3E28A94E190BB02400C03663 /* Resources */,
			);
			buildRules = (
			);
			dependencies = (
				3E6F63B0191F447400E60EF2 /* PBXTargetDependency */,
			);
			name = OCD;
			productName = OCD;
			productReference = 3E28A950190BB02400C03663 /* OCD.app */;
			productType = "com.apple.product-type.application";
		};
		3E28A97A190BB02400C03663 /* OCDTests */ = {
			isa = PBXNativeTarget;
			buildConfigurationList = 3E28A98F190BB02400C03663 /* Build configuration list for PBXNativeTarget "OCDTests" */;
			buildPhases = (
				3E28A977190BB02400C03663 /* Sources */,
				3E28A978190BB02400C03663 /* Frameworks */,
				3E28A979190BB02400C03663 /* Resources */,
			);
			buildRules = (
			);
			dependencies = (
				3E28A981190BB02400C03663 /* PBXTargetDependency */,
			);
			name = OCDTests;
			productName = OCDTests;
			productReference = 3E28A97B190BB02400C03663 /* OCDTests.xctest */;
			productType = "com.apple.product-type.bundle.unit-test";
		};
/* End PBXNativeTarget section */

/* Begin PBXProject section */
		3E28A948190BB02400C03663 /* Project object */ = {
			isa = PBXProject;
			attributes = {
				CLASSPREFIX = OCD;
				LastUpgradeCheck = 0510;
				ORGANIZATIONNAME = "Chin and Cheeks";
				TargetAttributes = {
					3E28A94F190BB02400C03663 = {
						DevelopmentTeam = 7MDA67429Z;
					};
					3E28A97A190BB02400C03663 = {
						TestTargetID = 3E28A94F190BB02400C03663;
					};
				};
			};
			buildConfigurationList = 3E28A94B190BB02400C03663 /* Build configuration list for PBXProject "OCD" */;
			compatibilityVersion = "Xcode 3.2";
			developmentRegion = English;
			hasScannedForEncodings = 0;
			knownRegions = (
				en,
				Base,
			);
			mainGroup = 3E28A947190BB02400C03663;
			productRefGroup = 3E28A951190BB02400C03663 /* Products */;
			projectDirPath = "";
			projectReferences = (
				{
					ProductGroup = 3E6F63A7191F446700E60EF2 /* Products */;
					ProjectRef = 3E6F63A6191F446700E60EF2 /* SpriteKit-Components.xcodeproj */;
				},
			);
			projectRoot = "";
			targets = (
				3E28A94F190BB02400C03663 /* OCD */,
				3E28A97A190BB02400C03663 /* OCDTests */,
			);
		};
/* End PBXProject section */

/* Begin PBXReferenceProxy section */
		3E6F63AC191F446700E60EF2 /* libSpriteKit-Components.a */ = {
			isa = PBXReferenceProxy;
			fileType = archive.ar;
			path = "libSpriteKit-Components.a";
			remoteRef = 3E6F63AB191F446700E60EF2 /* PBXContainerItemProxy */;
			sourceTree = BUILT_PRODUCTS_DIR;
		};
		3E6F63AE191F446700E60EF2 /* SpriteKit-ComponentsTests.xctest */ = {
			isa = PBXReferenceProxy;
			fileType = wrapper.cfbundle;
			path = "SpriteKit-ComponentsTests.xctest";
			remoteRef = 3E6F63AD191F446700E60EF2 /* PBXContainerItemProxy */;
			sourceTree = BUILT_PRODUCTS_DIR;
		};
/* End PBXReferenceProxy section */

/* Begin PBXResourcesBuildPhase section */
		3E28A94E190BB02400C03663 /* Resources */ = {
			isa = PBXResourcesBuildPhase;
			buildActionMask = 2147483647;
			files = (
				3E6F63B2191F454F00E60EF2 /* Main_iPad.storyboard in Resources */,
				3EAEAA911921F06500A9CCED /* sfx-click.wav in Resources */,
				3E3DA10C191E286A00DC2112 /* Images.xcassets in Resources */,
				3E28A969190BB02400C03663 /* Main_iPhone.storyboard in Resources */,
				3E28A960190BB02400C03663 /* InfoPlist.strings in Resources */,
				3EAB4603192F339E009FFE02 /* FuturaStd-Medium.otf in Resources */,
				3E3DA111191E29B800DC2112 /* tutorial-music.mp3 in Resources */,
			);
			runOnlyForDeploymentPostprocessing = 0;
		};
		3E28A979190BB02400C03663 /* Resources */ = {
			isa = PBXResourcesBuildPhase;
			buildActionMask = 2147483647;
			files = (
				3E28A987190BB02400C03663 /* InfoPlist.strings in Resources */,
			);
			runOnlyForDeploymentPostprocessing = 0;
		};
/* End PBXResourcesBuildPhase section */

/* Begin PBXShellScriptBuildPhase section */
		3E1B33BD1910EA6A00096B7B /* ShellScript */ = {
			isa = PBXShellScriptBuildPhase;
			buildActionMask = 2147483647;
			files = (
			);
			inputPaths = (
			);
			outputPaths = (
			);
			runOnlyForDeploymentPostprocessing = 0;
			shellPath = /bin/bash;
			shellScript = "buildNumber=$(/usr/libexec/PlistBuddy -c \"Print CFBundleVersion\" \"${PROJECT_DIR}/${INFOPLIST_FILE}\")\nbuildNumber=$(($buildNumber + 1))\n/usr/libexec/PlistBuddy -c \"Set :CFBundleVersion $buildNumber\" \"${PROJECT_DIR}/${INFOPLIST_FILE}\"";
		};
/* End PBXShellScriptBuildPhase section */

/* Begin PBXSourcesBuildPhase section */
		3E28A94C190BB02400C03663 /* Sources */ = {
			isa = PBXSourcesBuildPhase;
			buildActionMask = 2147483647;
			files = (
				3E3DA0FF191E283B00DC2112 /* CNCButton.m in Sources */,
				3E3DA10F191E289D00DC2112 /* OCDGameManager.m in Sources */,
				3E3DA101191E283B00DC2112 /* OCDGameObject.m in Sources */,
				3E6F6412191F5F2800E60EF2 /* OCDDraggableComponent.m in Sources */,
				3ED6448219207BCE009A17E9 /* OCDLockPositionComponent.m in Sources */,
				3E8EC74B19345FF700DE2C18 /* OCDDeskScene.m in Sources */,
				3E6F640E191F5ECE00E60EF2 /* OCDDraggableObject.m in Sources */,
				3E3DA104191E283B00DC2112 /* OCDPrototypeScene.m in Sources */,
				3E3DA102191E283B00DC2112 /* OCDAppDelegate.m in Sources */,
				3E3DA103191E283B00DC2112 /* OCDViewController.m in Sources */,
				3E3DA105191E283B00DC2112 /* OCDTutorialScene.m in Sources */,
				3E28A962190BB02400C03663 /* main.m in Sources */,
				3E3DA100191E283B00DC2112 /* CNCOneFingerRotationGestureRecognizer.m in Sources */,
			);
			runOnlyForDeploymentPostprocessing = 0;
		};
		3E28A977190BB02400C03663 /* Sources */ = {
			isa = PBXSourcesBuildPhase;
			buildActionMask = 2147483647;
			files = (
				3E28A989190BB02400C03663 /* OCDTests.m in Sources */,
			);
			runOnlyForDeploymentPostprocessing = 0;
		};
/* End PBXSourcesBuildPhase section */

/* Begin PBXTargetDependency section */
		3E28A981190BB02400C03663 /* PBXTargetDependency */ = {
			isa = PBXTargetDependency;
			target = 3E28A94F190BB02400C03663 /* OCD */;
			targetProxy = 3E28A980190BB02400C03663 /* PBXContainerItemProxy */;
		};
		3E6F63B0191F447400E60EF2 /* PBXTargetDependency */ = {
			isa = PBXTargetDependency;
			name = "SpriteKit-Components";
			targetProxy = 3E6F63AF191F447400E60EF2 /* PBXContainerItemProxy */;
		};
/* End PBXTargetDependency section */

/* Begin PBXVariantGroup section */
		3E28A95E190BB02400C03663 /* InfoPlist.strings */ = {
			isa = PBXVariantGroup;
			children = (
				3E28A95F190BB02400C03663 /* en */,
			);
			name = InfoPlist.strings;
			sourceTree = "<group>";
		};
		3E28A967190BB02400C03663 /* Main_iPhone.storyboard */ = {
			isa = PBXVariantGroup;
			children = (
				3E28A968190BB02400C03663 /* Base */,
			);
			name = Main_iPhone.storyboard;
			sourceTree = "<group>";
		};
		3E28A96A190BB02400C03663 /* Main_iPad.storyboard */ = {
			isa = PBXVariantGroup;
			children = (
				3E28A96B190BB02400C03663 /* Base */,
			);
			name = Main_iPad.storyboard;
			sourceTree = "<group>";
		};
		3E28A985190BB02400C03663 /* InfoPlist.strings */ = {
			isa = PBXVariantGroup;
			children = (
				3E28A986190BB02400C03663 /* en */,
			);
			name = InfoPlist.strings;
			sourceTree = "<group>";
		};
/* End PBXVariantGroup section */

/* Begin XCBuildConfiguration section */
		3E28A98A190BB02400C03663 /* Debug */ = {
			isa = XCBuildConfiguration;
			buildSettings = {
				ALWAYS_SEARCH_USER_PATHS = NO;
				CLANG_CXX_LANGUAGE_STANDARD = "gnu++0x";
				CLANG_CXX_LIBRARY = "libc++";
				CLANG_ENABLE_MODULES = YES;
				CLANG_ENABLE_OBJC_ARC = YES;
				CLANG_WARN_BOOL_CONVERSION = YES;
				CLANG_WARN_CONSTANT_CONVERSION = YES;
				CLANG_WARN_DIRECT_OBJC_ISA_USAGE = YES_ERROR;
				CLANG_WARN_EMPTY_BODY = YES;
				CLANG_WARN_ENUM_CONVERSION = YES;
				CLANG_WARN_INT_CONVERSION = YES;
				CLANG_WARN_OBJC_ROOT_CLASS = YES_ERROR;
				CLANG_WARN__DUPLICATE_METHOD_MATCH = YES;
				CODE_SIGN_IDENTITY = "iPhone Developer";
				"CODE_SIGN_IDENTITY[sdk=iphoneos*]" = "iPhone Developer";
				COPY_PHASE_STRIP = NO;
				GCC_C_LANGUAGE_STANDARD = gnu99;
				GCC_DYNAMIC_NO_PIC = NO;
				GCC_OPTIMIZATION_LEVEL = 0;
				GCC_PREPROCESSOR_DEFINITIONS = (
					"DEBUG=1",
					"$(inherited)",
				);
				GCC_SYMBOLS_PRIVATE_EXTERN = NO;
				GCC_WARN_64_TO_32_BIT_CONVERSION = YES;
				GCC_WARN_ABOUT_RETURN_TYPE = YES_ERROR;
				GCC_WARN_UNDECLARED_SELECTOR = YES;
				GCC_WARN_UNINITIALIZED_AUTOS = YES_AGGRESSIVE;
				GCC_WARN_UNUSED_FUNCTION = YES;
				GCC_WARN_UNUSED_VARIABLE = YES;
				IPHONEOS_DEPLOYMENT_TARGET = 7.1;
				ONLY_ACTIVE_ARCH = YES;
				SDKROOT = iphoneos;
				TARGETED_DEVICE_FAMILY = "1,2";
			};
			name = Debug;
		};
		3E28A98B190BB02400C03663 /* Release */ = {
			isa = XCBuildConfiguration;
			buildSettings = {
				ALWAYS_SEARCH_USER_PATHS = NO;
				CLANG_CXX_LANGUAGE_STANDARD = "gnu++0x";
				CLANG_CXX_LIBRARY = "libc++";
				CLANG_ENABLE_MODULES = YES;
				CLANG_ENABLE_OBJC_ARC = YES;
				CLANG_WARN_BOOL_CONVERSION = YES;
				CLANG_WARN_CONSTANT_CONVERSION = YES;
				CLANG_WARN_DIRECT_OBJC_ISA_USAGE = YES_ERROR;
				CLANG_WARN_EMPTY_BODY = YES;
				CLANG_WARN_ENUM_CONVERSION = YES;
				CLANG_WARN_INT_CONVERSION = YES;
				CLANG_WARN_OBJC_ROOT_CLASS = YES_ERROR;
				CLANG_WARN__DUPLICATE_METHOD_MATCH = YES;
				CODE_SIGN_IDENTITY = "iPhone Distribution";
				"CODE_SIGN_IDENTITY[sdk=iphoneos*]" = "iPhone Distribution";
				COPY_PHASE_STRIP = YES;
				ENABLE_NS_ASSERTIONS = NO;
				GCC_C_LANGUAGE_STANDARD = gnu99;
				GCC_WARN_64_TO_32_BIT_CONVERSION = YES;
				GCC_WARN_ABOUT_RETURN_TYPE = YES_ERROR;
				GCC_WARN_UNDECLARED_SELECTOR = YES;
				GCC_WARN_UNINITIALIZED_AUTOS = YES_AGGRESSIVE;
				GCC_WARN_UNUSED_FUNCTION = YES;
				GCC_WARN_UNUSED_VARIABLE = YES;
				IPHONEOS_DEPLOYMENT_TARGET = 7.1;
				SDKROOT = iphoneos;
				TARGETED_DEVICE_FAMILY = "1,2";
				VALIDATE_PRODUCT = YES;
			};
			name = Release;
		};
		3E28A98D190BB02400C03663 /* Debug */ = {
			isa = XCBuildConfiguration;
			buildSettings = {
				ASSETCATALOG_COMPILER_APPICON_NAME = AppIcon;
				ASSETCATALOG_COMPILER_LAUNCHIMAGE_NAME = LaunchImage;
				CODE_SIGN_IDENTITY = "iPhone Developer";
				GCC_PRECOMPILE_PREFIX_HEADER = YES;
				GCC_PREFIX_HEADER = "OCD/OCD-Prefix.pch";
				INFOPLIST_FILE = "OCD/OCD-Info.plist";
				PRODUCT_NAME = "$(TARGET_NAME)";
				SPRITEKIT_TEXTURE_ATLAS_OUTPUT = YES;
				WRAPPER_EXTENSION = app;
			};
			name = Debug;
		};
		3E28A98E190BB02400C03663 /* Release */ = {
			isa = XCBuildConfiguration;
			buildSettings = {
				ASSETCATALOG_COMPILER_APPICON_NAME = AppIcon;
				ASSETCATALOG_COMPILER_LAUNCHIMAGE_NAME = LaunchImage;
				CODE_SIGN_IDENTITY = "iPhone Distribution";
				GCC_PRECOMPILE_PREFIX_HEADER = YES;
				GCC_PREFIX_HEADER = "OCD/OCD-Prefix.pch";
				INFOPLIST_FILE = "OCD/OCD-Info.plist";
				PRODUCT_NAME = "$(TARGET_NAME)";
				SPRITEKIT_TEXTURE_ATLAS_OUTPUT = YES;
				WRAPPER_EXTENSION = app;
			};
			name = Release;
		};
		3E28A990190BB02400C03663 /* Debug */ = {
			isa = XCBuildConfiguration;
			buildSettings = {
				BUNDLE_LOADER = "$(BUILT_PRODUCTS_DIR)/OCD.app/OCD";
				FRAMEWORK_SEARCH_PATHS = (
					"$(SDKROOT)/Developer/Library/Frameworks",
					"$(inherited)",
					"$(DEVELOPER_FRAMEWORKS_DIR)",
				);
				GCC_PRECOMPILE_PREFIX_HEADER = YES;
				GCC_PREFIX_HEADER = "OCD/OCD-Prefix.pch";
				GCC_PREPROCESSOR_DEFINITIONS = (
					"DEBUG=1",
					"$(inherited)",
				);
				INFOPLIST_FILE = "OCDTests/OCDTests-Info.plist";
				PRODUCT_NAME = "$(TARGET_NAME)";
				TEST_HOST = "$(BUNDLE_LOADER)";
				WRAPPER_EXTENSION = xctest;
			};
			name = Debug;
		};
		3E28A991190BB02400C03663 /* Release */ = {
			isa = XCBuildConfiguration;
			buildSettings = {
				BUNDLE_LOADER = "$(BUILT_PRODUCTS_DIR)/OCD.app/OCD";
				FRAMEWORK_SEARCH_PATHS = (
					"$(SDKROOT)/Developer/Library/Frameworks",
					"$(inherited)",
					"$(DEVELOPER_FRAMEWORKS_DIR)",
				);
				GCC_PRECOMPILE_PREFIX_HEADER = YES;
				GCC_PREFIX_HEADER = "OCD/OCD-Prefix.pch";
				INFOPLIST_FILE = "OCDTests/OCDTests-Info.plist";
				PRODUCT_NAME = "$(TARGET_NAME)";
				TEST_HOST = "$(BUNDLE_LOADER)";
				WRAPPER_EXTENSION = xctest;
			};
			name = Release;
		};
/* End XCBuildConfiguration section */

/* Begin XCConfigurationList section */
		3E28A94B190BB02400C03663 /* Build configuration list for PBXProject "OCD" */ = {
			isa = XCConfigurationList;
			buildConfigurations = (
				3E28A98A190BB02400C03663 /* Debug */,
				3E28A98B190BB02400C03663 /* Release */,
			);
			defaultConfigurationIsVisible = 0;
			defaultConfigurationName = Release;
		};
		3E28A98C190BB02400C03663 /* Build configuration list for PBXNativeTarget "OCD" */ = {
			isa = XCConfigurationList;
			buildConfigurations = (
				3E28A98D190BB02400C03663 /* Debug */,
				3E28A98E190BB02400C03663 /* Release */,
			);
			defaultConfigurationIsVisible = 0;
			defaultConfigurationName = Release;
		};
		3E28A98F190BB02400C03663 /* Build configuration list for PBXNativeTarget "OCDTests" */ = {
			isa = XCConfigurationList;
			buildConfigurations = (
				3E28A990190BB02400C03663 /* Debug */,
				3E28A991190BB02400C03663 /* Release */,
			);
			defaultConfigurationIsVisible = 0;
			defaultConfigurationName = Release;
		};
/* End XCConfigurationList section */
	};
	rootObject = 3E28A948190BB02400C03663 /* Project object */;
}
